
Microsoft Visual Studio Solution File, Format Version 12.00
# Visual Studio 14
VisualStudioVersion = 14.0.25420.1
MinimumVisualStudioVersion = 10.0.40219.1
Project("{FAE04EC0-301F-11D3-BF4B-00C04F79EFBC}") = "StaffEvaluations", "StaffEvaluations\StaffEvaluations.csproj", "{BC49BE82-BECC-45E4-BEFD-4FB9D7E4A52E}"
EndProject
Project("{FAE04EC0-301F-11D3-BF4B-00C04F79EFBC}") = "LibDirectoryIntegration", "LibDirectoryIntegration\LibDirectoryIntegration.csproj", "{7DEFDFB8-9A04-4722-B8C8-A9AE0CD5AEE9}"
EndProject
Project("{FAE04EC0-301F-11D3-BF4B-00C04F79EFBC}") = "LibDirectoryIntegrationTest", "LibDirectoryIntegrationTest\LibDirectoryIntegrationTest.csproj", "{47E62BBD-1966-4A93-BB09-C30E5150DC3A}"
EndProject
Global
	GlobalSection(SolutionConfigurationPlatforms) = preSolution
		Debug|Any CPU = Debug|Any CPU
		Release|Any CPU = Release|Any CPU
	EndGlobalSection
	GlobalSection(ProjectConfigurationPlatforms) = postSolution
		{BC49BE82-BECC-45E4-BEFD-4FB9D7E4A52E}.Debug|Any CPU.ActiveCfg = Debug|Any CPU
		{BC49BE82-BECC-45E4-BEFD-4FB9D7E4A52E}.Debug|Any CPU.Build.0 = Debug|Any CPU
		{BC49BE82-BECC-45E4-BEFD-4FB9D7E4A52E}.Release|Any CPU.ActiveCfg = Release|Any CPU
		{BC49BE82-BECC-45E4-BEFD-4FB9D7E4A52E}.Release|Any CPU.Build.0 = Release|Any CPU
		{7DEFDFB8-9A04-4722-B8C8-A9AE0CD5AEE9}.Debug|Any CPU.ActiveCfg = Debug|Any CPU
		{7DEFDFB8-9A04-4722-B8C8-A9AE0CD5AEE9}.Debug|Any CPU.Build.0 = Debug|Any CPU
		{7DEFDFB8-9A04-4722-B8C8-A9AE0CD5AEE9}.Release|Any CPU.ActiveCfg = Release|Any CPU
		{7DEFDFB8-9A04-4722-B8C8-A9AE0CD5AEE9}.Release|Any CPU.Build.0 = Release|Any CPU
		{47E62BBD-1966-4A93-BB09-C30E5150DC3A}.Debug|Any CPU.ActiveCfg = Debug|Any CPU
		{47E62BBD-1966-4A93-BB09-C30E5150DC3A}.Debug|Any CPU.Build.0 = Debug|Any CPU
		{47E62BBD-1966-4A93-BB09-C30E5150DC3A}.Release|Any CPU.ActiveCfg = Release|Any CPU
		{47E62BBD-1966-4A93-BB09-C30E5150DC3A}.Release|Any CPU.Build.0 = Release|Any CPU
	EndGlobalSection
	GlobalSection(SolutionProperties) = preSolution
		HideSolutionNode = FALSE
	EndGlobalSection
EndGlobal
